
Microsoft Visual Studio Solution File, Format Version 10.00
# Visual Studio 2008
Project("{FAE04EC0-301F-11D3-BF4B-00C04F79EFBC}") = "HotelesApp", "Hoteles\HotelesApp.csproj", "{D0780C6F-2BEE-4E9B-BA0D-601552BB8F91}"
EndProject
Project("{FAE04EC0-301F-11D3-BF4B-00C04F79EFBC}") = "Configurator", "configurator\Configurator.csproj", "{4598C8E3-39E6-40CA-9949-E9DDFBC6C9F9}"
EndProject
Project("{FAE04EC0-301F-11D3-BF4B-00C04F79EFBC}") = "Administrador", "Administrador\Administrador.csproj", "{473500B1-DB28-4A4C-9004-C62F1031A54E}"
EndProject
Global
	GlobalSection(SolutionConfigurationPlatforms) = preSolution
		Debug|Any CPU = Debug|Any CPU
		Release|Any CPU = Release|Any CPU
	EndGlobalSection
	GlobalSection(ProjectConfigurationPlatforms) = postSolution
		{D0780C6F-2BEE-4E9B-BA0D-601552BB8F91}.Debug|Any CPU.ActiveCfg = Debug|Any CPU
		{D0780C6F-2BEE-4E9B-BA0D-601552BB8F91}.Debug|Any CPU.Build.0 = Debug|Any CPU
		{D0780C6F-2BEE-4E9B-BA0D-601552BB8F91}.Release|Any CPU.ActiveCfg = Release|Any CPU
		{D0780C6F-2BEE-4E9B-BA0D-601552BB8F91}.Release|Any CPU.Build.0 = Release|Any CPU
		{4598C8E3-39E6-40CA-9949-E9DDFBC6C9F9}.Debug|Any CPU.ActiveCfg = Debug|Any CPU
		{4598C8E3-39E6-40CA-9949-E9DDFBC6C9F9}.Debug|Any CPU.Build.0 = Debug|Any CPU
		{4598C8E3-39E6-40CA-9949-E9DDFBC6C9F9}.Release|Any CPU.ActiveCfg = Release|Any CPU
		{4598C8E3-39E6-40CA-9949-E9DDFBC6C9F9}.Release|Any CPU.Build.0 = Release|Any CPU
		{473500B1-DB28-4A4C-9004-C62F1031A54E}.Debug|Any CPU.ActiveCfg = Debug|Any CPU
		{473500B1-DB28-4A4C-9004-C62F1031A54E}.Debug|Any CPU.Build.0 = Debug|Any CPU
		{473500B1-DB28-4A4C-9004-C62F1031A54E}.Release|Any CPU.ActiveCfg = Release|Any CPU
		{473500B1-DB28-4A4C-9004-C62F1031A54E}.Release|Any CPU.Build.0 = Release|Any CPU
	EndGlobalSection
	GlobalSection(SolutionProperties) = preSolution
		HideSolutionNode = FALSE
	EndGlobalSection
EndGlobal
